// !$*UTF8*$!
{
	archiveVersion = 1;
	classes = {
	};
	objectVersion = 56;
	objects = {

/* Begin PBXBuildFile section */
		C5B3D26A2C96BD5300E12917 /* PokemonApplicationApp.swift in Sources */ = {isa = PBXBuildFile; fileRef = C5B3D2692C96BD5300E12917 /* PokemonApplicationApp.swift */; };
		C5B3D26C2C96BD5300E12917 /* ContentView.swift in Sources */ = {isa = PBXBuildFile; fileRef = C5B3D26B2C96BD5300E12917 /* ContentView.swift */; };
		C5B3D26E2C96BD5400E12917 /* Assets.xcassets in Resources */ = {isa = PBXBuildFile; fileRef = C5B3D26D2C96BD5400E12917 /* Assets.xcassets */; };
		C5B3D2712C96BD5400E12917 /* Preview Assets.xcassets in Resources */ = {isa = PBXBuildFile; fileRef = C5B3D2702C96BD5400E12917 /* Preview Assets.xcassets */; };
		C5B3D27B2C96BDA000E12917 /* PokemonViewModel.swift in Sources */ = {isa = PBXBuildFile; fileRef = C5B3D27A2C96BDA000E12917 /* PokemonViewModel.swift */; };
		C5B3D27D2C96BDAD00E12917 /* PokemonModel.swift in Sources */ = {isa = PBXBuildFile; fileRef = C5B3D27C2C96BDAD00E12917 /* PokemonModel.swift */; };
		C5B3D27F2C96C19900E12917 /* SpriteModel.swift in Sources */ = {isa = PBXBuildFile; fileRef = C5B3D27E2C96C19900E12917 /* SpriteModel.swift */; };
		C5B3D2812C96C2AE00E12917 /* SpriteViewModel.swift in Sources */ = {isa = PBXBuildFile; fileRef = C5B3D2802C96C2AE00E12917 /* SpriteViewModel.swift */; };
		C5B3D2842C96C94A00E12917 /* SDWebImageSwiftUI in Frameworks */ = {isa = PBXBuildFile; productRef = C5B3D2832C96C94A00E12917 /* SDWebImageSwiftUI */; };
		C5B3D2862C96C99E00E12917 /* PokemonImageView.swift in Sources */ = {isa = PBXBuildFile; fileRef = C5B3D2852C96C99D00E12917 /* PokemonImageView.swift */; };
/* End PBXBuildFile section */

/* Begin PBXFileReference section */
		C5B3D2662C96BD5300E12917 /* PokemonApplication.app */ = {isa = PBXFileReference; explicitFileType = wrapper.application; includeInIndex = 0; path = PokemonApplication.app; sourceTree = BUILT_PRODUCTS_DIR; };
		C5B3D2692C96BD5300E12917 /* PokemonApplicationApp.swift */ = {isa = PBXFileReference; lastKnownFileType = sourcecode.swift; path = PokemonApplicationApp.swift; sourceTree = "<group>"; };
		C5B3D26B2C96BD5300E12917 /* ContentView.swift */ = {isa = PBXFileReference; lastKnownFileType = sourcecode.swift; path = ContentView.swift; sourceTree = "<group>"; };
		C5B3D26D2C96BD5400E12917 /* Assets.xcassets */ = {isa = PBXFileReference; lastKnownFileType = folder.assetcatalog; path = Assets.xcassets; sourceTree = "<group>"; };
		C5B3D2702C96BD5400E12917 /* Preview Assets.xcassets */ = {isa = PBXFileReference; lastKnownFileType = folder.assetcatalog; path = "Preview Assets.xcassets"; sourceTree = "<group>"; };
		C5B3D27A2C96BDA000E12917 /* PokemonViewModel.swift */ = {isa = PBXFileReference; lastKnownFileType = sourcecode.swift; path = PokemonViewModel.swift; sourceTree = "<group>"; };
		C5B3D27C2C96BDAD00E12917 /* PokemonModel.swift */ = {isa = PBXFileReference; lastKnownFileType = sourcecode.swift; path = PokemonModel.swift; sourceTree = "<group>"; };
		C5B3D27E2C96C19900E12917 /* SpriteModel.swift */ = {isa = PBXFileReference; lastKnownFileType = sourcecode.swift; path = SpriteModel.swift; sourceTree = "<group>"; };
		C5B3D2802C96C2AE00E12917 /* SpriteViewModel.swift */ = {isa = PBXFileReference; lastKnownFileType = sourcecode.swift; path = SpriteViewModel.swift; sourceTree = "<group>"; };
		C5B3D2852C96C99D00E12917 /* PokemonImageView.swift */ = {isa = PBXFileReference; lastKnownFileType = sourcecode.swift; path = PokemonImageView.swift; sourceTree = "<group>"; };
/* End PBXFileReference section */

/* Begin PBXFrameworksBuildPhase section */
		C5B3D2632C96BD5300E12917 /* Frameworks */ = {
			isa = PBXFrameworksBuildPhase;
			buildActionMask = 2147483647;
			files = (
				C5B3D2842C96C94A00E12917 /* SDWebImageSwiftUI in Frameworks */,
			);
			runOnlyForDeploymentPostprocessing = 0;
		};
/* End PBXFrameworksBuildPhase section */

/* Begin PBXGroup section */
		C5B3D25D2C96BD5300E12917 = {
			isa = PBXGroup;
			children = (
				C5B3D2782C96BD6200E12917 /* Views */,
				C5B3D2772C96BD5A00E12917 /* Model */,
				C5B3D2792C96BD6900E12917 /* ViewModel */,
				C5B3D2682C96BD5300E12917 /* PokemonApplication */,
				C5B3D2672C96BD5300E12917 /* Products */,
			);
			sourceTree = "<group>";
		};
		C5B3D2672C96BD5300E12917 /* Products */ = {
			isa = PBXGroup;
			children = (
				C5B3D2662C96BD5300E12917 /* PokemonApplication.app */,
			);
			name = Products;
			sourceTree = "<group>";
		};
		C5B3D2682C96BD5300E12917 /* PokemonApplication */ = {
			isa = PBXGroup;
			children = (
				C5B3D2692C96BD5300E12917 /* PokemonApplicationApp.swift */,
				C5B3D26D2C96BD5400E12917 /* Assets.xcassets */,
				C5B3D26F2C96BD5400E12917 /* Preview Content */,
			);
			path = PokemonApplication;
			sourceTree = "<group>";
		};
		C5B3D26F2C96BD5400E12917 /* Preview Content */ = {
			isa = PBXGroup;
			children = (
				C5B3D2702C96BD5400E12917 /* Preview Assets.xcassets */,
			);
			path = "Preview Content";
			sourceTree = "<group>";
		};
		C5B3D2772C96BD5A00E12917 /* Model */ = {
			isa = PBXGroup;
			children = (
				C5B3D27C2C96BDAD00E12917 /* PokemonModel.swift */,
				C5B3D27E2C96C19900E12917 /* SpriteModel.swift */,
			);
			path = Model;
			sourceTree = "<group>";
		};
		C5B3D2782C96BD6200E12917 /* Views */ = {
			isa = PBXGroup;
			children = (
				C5B3D26B2C96BD5300E12917 /* ContentView.swift */,
				C5B3D2852C96C99D00E12917 /* PokemonImageView.swift */,
			);
			path = Views;
			sourceTree = "<group>";
		};
		C5B3D2792C96BD6900E12917 /* ViewModel */ = {
			isa = PBXGroup;
			children = (
				C5B3D27A2C96BDA000E12917 /* PokemonViewModel.swift */,
				C5B3D2802C96C2AE00E12917 /* SpriteViewModel.swift */,
			);
			path = ViewModel;
			sourceTree = "<group>";
		};
/* End PBXGroup section */

/* Begin PBXNativeTarget section */
		C5B3D2652C96BD5300E12917 /* PokemonApplication */ = {
			isa = PBXNativeTarget;
			buildConfigurationList = C5B3D2742C96BD5400E12917 /* Build configuration list for PBXNativeTarget "PokemonApplication" */;
			buildPhases = (
				C5B3D2622C96BD5300E12917 /* Sources */,
				C5B3D2632C96BD5300E12917 /* Frameworks */,
				C5B3D2642C96BD5300E12917 /* Resources */,
			);
			buildRules = (
			);
			dependencies = (
			);
			name = PokemonApplication;
			packageProductDependencies = (
				C5B3D2832C96C94A00E12917 /* SDWebImageSwiftUI */,
			);
			productName = PokemonApplication;
			productReference = C5B3D2662C96BD5300E12917 /* PokemonApplication.app */;
			productType = "com.apple.product-type.application";
		};
/* End PBXNativeTarget section */

/* Begin PBXProject section */
		C5B3D25E2C96BD5300E12917 /* Project object */ = {
			isa = PBXProject;
			attributes = {
				BuildIndependentTargetsInParallel = 1;
				LastSwiftUpdateCheck = 1540;
				LastUpgradeCheck = 1540;
				TargetAttributes = {
					C5B3D2652C96BD5300E12917 = {
						CreatedOnToolsVersion = 15.4;
					};
				};
			};
			buildConfigurationList = C5B3D2612C96BD5300E12917 /* Build configuration list for PBXProject "PokemonApplication" */;
			compatibilityVersion = "Xcode 14.0";
			developmentRegion = en;
			hasScannedForEncodings = 0;
			knownRegions = (
				en,
				Base,
			);
			mainGroup = C5B3D25D2C96BD5300E12917;
			packageReferences = (
				C5B3D2822C96C94A00E12917 /* XCRemoteSwiftPackageReference "SDWebImageSwiftUI" */,
			);
			productRefGroup = C5B3D2672C96BD5300E12917 /* Products */;
			projectDirPath = "";
			projectRoot = "";
			targets = (
				C5B3D2652C96BD5300E12917 /* PokemonApplication */,
			);
		};
/* End PBXProject section */

/* Begin PBXResourcesBuildPhase section */
		C5B3D2642C96BD5300E12917 /* Resources */ = {
			isa = PBXResourcesBuildPhase;
			buildActionMask = 2147483647;
			files = (
				C5B3D2712C96BD5400E12917 /* Preview Assets.xcassets in Resources */,
				C5B3D26E2C96BD5400E12917 /* Assets.xcassets in Resources */,
			);
			runOnlyForDeploymentPostprocessing = 0;
		};
/* End PBXResourcesBuildPhase section */

/* Begin PBXSourcesBuildPhase section */
		C5B3D2622C96BD5300E12917 /* Sources */ = {
			isa = PBXSourcesBuildPhase;
			buildActionMask = 2147483647;
			files = (
				C5B3D26C2C96BD5300E12917 /* ContentView.swift in Sources */,
				C5B3D26A2C96BD5300E12917 /* PokemonApplicationApp.swift in Sources */,
				C5B3D27F2C96C19900E12917 /* SpriteModel.swift in Sources */,
				C5B3D2812C96C2AE00E12917 /* SpriteViewModel.swift in Sources */,
				C5B3D27B2C96BDA000E12917 /* PokemonViewModel.swift in Sources */,
				C5B3D2862C96C99E00E12917 /* PokemonImageView.swift in Sources */,
				C5B3D27D2C96BDAD00E12917 /* PokemonModel.swift in Sources */,
			);
			runOnlyForDeploymentPostprocessing = 0;
		};
/* End PBXSourcesBuildPhase section */

/* Begin XCBuildConfiguration section */
		C5B3D2722C96BD5400E12917 /* Debug */ = {
			isa = XCBuildConfiguration;
			buildSettings = {
				ALWAYS_SEARCH_USER_PATHS = NO;
				ASSETCATALOG_COMPILER_GENERATE_SWIFT_ASSET_SYMBOL_EXTENSIONS = YES;
				CLANG_ANALYZER_NONNULL = YES;
				CLANG_ANALYZER_NUMBER_OBJECT_CONVERSION = YES_AGGRESSIVE;
				CLANG_CXX_LANGUAGE_STANDARD = "gnu++20";
				CLANG_ENABLE_MODULES = YES;
				CLANG_ENABLE_OBJC_ARC = YES;
				CLANG_ENABLE_OBJC_WEAK = YES;
				CLANG_WARN_BLOCK_CAPTURE_AUTORELEASING = YES;
				CLANG_WARN_BOOL_CONVERSION = YES;
				CLANG_WARN_COMMA = YES;
				CLANG_WARN_CONSTANT_CONVERSION = YES;
				CLANG_WARN_DEPRECATED_OBJC_IMPLEMENTATIONS = YES;
				CLANG_WARN_DIRECT_OBJC_ISA_USAGE = YES_ERROR;
				CLANG_WARN_DOCUMENTATION_COMMENTS = YES;
				CLANG_WARN_EMPTY_BODY = YES;
				CLANG_WARN_ENUM_CONVERSION = YES;
				CLANG_WARN_INFINITE_RECURSION = YES;
				CLANG_WARN_INT_CONVERSION = YES;
				CLANG_WARN_NON_LITERAL_NULL_CONVERSION = YES;
				CLANG_WARN_OBJC_IMPLICIT_RETAIN_SELF = YES;
				CLANG_WARN_OBJC_LITERAL_CONVERSION = YES;
				CLANG_WARN_OBJC_ROOT_CLASS = YES_ERROR;
				CLANG_WARN_QUOTED_INCLUDE_IN_FRAMEWORK_HEADER = YES;
				CLANG_WARN_RANGE_LOOP_ANALYSIS = YES;
				CLANG_WARN_STRICT_PROTOTYPES = YES;
				CLANG_WARN_SUSPICIOUS_MOVE = YES;
				CLANG_WARN_UNGUARDED_AVAILABILITY = YES_AGGRESSIVE;
				CLANG_WARN_UNREACHABLE_CODE = YES;
				CLANG_WARN__DUPLICATE_METHOD_MATCH = YES;
				COPY_PHASE_STRIP = NO;
				DEBUG_INFORMATION_FORMAT = dwarf;
				ENABLE_STRICT_OBJC_MSGSEND = YES;
				ENABLE_TESTABILITY = YES;
				ENABLE_USER_SCRIPT_SANDBOXING = YES;
				GCC_C_LANGUAGE_STANDARD = gnu17;
				GCC_DYNAMIC_NO_PIC = NO;
				GCC_NO_COMMON_BLOCKS = YES;
				GCC_OPTIMIZATION_LEVEL = 0;
				GCC_PREPROCESSOR_DEFINITIONS = (
					"DEBUG=1",
					"$(inherited)",
				);
				GCC_WARN_64_TO_32_BIT_CONVERSION = YES;
				GCC_WARN_ABOUT_RETURN_TYPE = YES_ERROR;
				GCC_WARN_UNDECLARED_SELECTOR = YES;
				GCC_WARN_UNINITIALIZED_AUTOS = YES_AGGRESSIVE;
				GCC_WARN_UNUSED_FUNCTION = YES;
				GCC_WARN_UNUSED_VARIABLE = YES;
				IPHONEOS_DEPLOYMENT_TARGET = 17.5;
				LOCALIZATION_PREFERS_STRING_CATALOGS = YES;
				MTL_ENABLE_DEBUG_INFO = INCLUDE_SOURCE;
				MTL_FAST_MATH = YES;
				ONLY_ACTIVE_ARCH = YES;
				SDKROOT = iphoneos;
				SWIFT_ACTIVE_COMPILATION_CONDITIONS = "DEBUG $(inherited)";
				SWIFT_OPTIMIZATION_LEVEL = "-Onone";
			};
			name = Debug;
		};
		C5B3D2732C96BD5400E12917 /* Release */ = {
			isa = XCBuildConfiguration;
			buildSettings = {
				ALWAYS_SEARCH_USER_PATHS = NO;
				ASSETCATALOG_COMPILER_GENERATE_SWIFT_ASSET_SYMBOL_EXTENSIONS = YES;
				CLANG_ANALYZER_NONNULL = YES;
				CLANG_ANALYZER_NUMBER_OBJECT_CONVERSION = YES_AGGRESSIVE;
				CLANG_CXX_LANGUAGE_STANDARD = "gnu++20";
				CLANG_ENABLE_MODULES = YES;
				CLANG_ENABLE_OBJC_ARC = YES;
				CLANG_ENABLE_OBJC_WEAK = YES;
				CLANG_WARN_BLOCK_CAPTURE_AUTORELEASING = YES;
				CLANG_WARN_BOOL_CONVERSION = YES;
				CLANG_WARN_COMMA = YES;
				CLANG_WARN_CONSTANT_CONVERSION = YES;
				CLANG_WARN_DEPRECATED_OBJC_IMPLEMENTATIONS = YES;
				CLANG_WARN_DIRECT_OBJC_ISA_USAGE = YES_ERROR;
				CLANG_WARN_DOCUMENTATION_COMMENTS = YES;
				CLANG_WARN_EMPTY_BODY = YES;
				CLANG_WARN_ENUM_CONVERSION = YES;
				CLANG_WARN_INFINITE_RECURSION = YES;
				CLANG_WARN_INT_CONVERSION = YES;
				CLANG_WARN_NON_LITERAL_NULL_CONVERSION = YES;
				CLANG_WARN_OBJC_IMPLICIT_RETAIN_SELF = YES;
				CLANG_WARN_OBJC_LITERAL_CONVERSION = YES;
				CLANG_WARN_OBJC_ROOT_CLASS = YES_ERROR;
				CLANG_WARN_QUOTED_INCLUDE_IN_FRAMEWORK_HEADER = YES;
				CLANG_WARN_RANGE_LOOP_ANALYSIS = YES;
				CLANG_WARN_STRICT_PROTOTYPES = YES;
				CLANG_WARN_SUSPICIOUS_MOVE = YES;
				CLANG_WARN_UNGUARDED_AVAILABILITY = YES_AGGRESSIVE;
				CLANG_WARN_UNREACHABLE_CODE = YES;
				CLANG_WARN__DUPLICATE_METHOD_MATCH = YES;
				COPY_PHASE_STRIP = NO;
				DEBUG_INFORMATION_FORMAT = "dwarf-with-dsym";
				ENABLE_NS_ASSERTIONS = NO;
				ENABLE_STRICT_OBJC_MSGSEND = YES;
				ENABLE_USER_SCRIPT_SANDBOXING = YES;
				GCC_C_LANGUAGE_STANDARD = gnu17;
				GCC_NO_COMMON_BLOCKS = YES;
				GCC_WARN_64_TO_32_BIT_CONVERSION = YES;
				GCC_WARN_ABOUT_RETURN_TYPE = YES_ERROR;
				GCC_WARN_UNDECLARED_SELECTOR = YES;
				GCC_WARN_UNINITIALIZED_AUTOS = YES_AGGRESSIVE;
				GCC_WARN_UNUSED_FUNCTION = YES;
				GCC_WARN_UNUSED_VARIABLE = YES;
				IPHONEOS_DEPLOYMENT_TARGET = 17.5;
				LOCALIZATION_PREFERS_STRING_CATALOGS = YES;
				MTL_ENABLE_DEBUG_INFO = NO;
				MTL_FAST_MATH = YES;
				SDKROOT = iphoneos;
				SWIFT_COMPILATION_MODE = wholemodule;
				VALIDATE_PRODUCT = YES;
			};
			name = Release;
		};
		C5B3D2752C96BD5400E12917 /* Debug */ = {
			isa = XCBuildConfiguration;
			buildSettings = {
				ASSETCATALOG_COMPILER_APPICON_NAME = AppIcon;
				ASSETCATALOG_COMPILER_GLOBAL_ACCENT_COLOR_NAME = AccentColor;
				CODE_SIGN_STYLE = Automatic;
				CURRENT_PROJECT_VERSION = 1;
				DEVELOPMENT_ASSET_PATHS = "\"PokemonApplication/Preview Content\"";
				DEVELOPMENT_TEAM = 7VPG2W6HDB;
				ENABLE_PREVIEWS = YES;
				GENERATE_INFOPLIST_FILE = YES;
				INFOPLIST_KEY_UIApplicationSceneManifest_Generation = YES;
				INFOPLIST_KEY_UIApplicationSupportsIndirectInputEvents = YES;
				INFOPLIST_KEY_UILaunchScreen_Generation = YES;
				INFOPLIST_KEY_UISupportedInterfaceOrientations_iPad = "UIInterfaceOrientationPortrait UIInterfaceOrientationPortraitUpsideDown UIInterfaceOrientationLandscapeLeft UIInterfaceOrientationLandscapeRight";
				INFOPLIST_KEY_UISupportedInterfaceOrientations_iPhone = "UIInterfaceOrientationPortrait UIInterfaceOrientationLandscapeLeft UIInterfaceOrientationLandscapeRight";
				LD_RUNPATH_SEARCH_PATHS = (
					"$(inherited)",
					"@executable_path/Frameworks",
				);
				MARKETING_VERSION = 1.0;
				PRODUCT_BUNDLE_IDENTIFIER = "-612054.PokemonApplication";
				PRODUCT_NAME = "$(TARGET_NAME)";
				SWIFT_EMIT_LOC_STRINGS = YES;
				SWIFT_VERSION = 5.0;
				TARGETED_DEVICE_FAMILY = "1,2";
			};
			name = Debug;
		};
		C5B3D2762C96BD5400E12917 /* Release */ = {
			isa = XCBuildConfiguration;
			buildSettings = {
				ASSETCATALOG_COMPILER_APPICON_NAME = AppIcon;
				ASSETCATALOG_COMPILER_GLOBAL_ACCENT_COLOR_NAME = AccentColor;
				CODE_SIGN_STYLE = Automatic;
				CURRENT_PROJECT_VERSION = 1;
				DEVELOPMENT_ASSET_PATHS = "\"PokemonApplication/Preview Content\"";
				DEVELOPMENT_TEAM = 7VPG2W6HDB;
				ENABLE_PREVIEWS = YES;
				GENERATE_INFOPLIST_FILE = YES;
				INFOPLIST_KEY_UIApplicationSceneManifest_Generation = YES;
				INFOPLIST_KEY_UIApplicationSupportsIndirectInputEvents = YES;
				INFOPLIST_KEY_UILaunchScreen_Generation = YES;
				INFOPLIST_KEY_UISupportedInterfaceOrientations_iPad = "UIInterfaceOrientationPortrait UIInterfaceOrientationPortraitUpsideDown UIInterfaceOrientationLandscapeLeft UIInterfaceOrientationLandscapeRight";
				INFOPLIST_KEY_UISupportedInterfaceOrientations_iPhone = "UIInterfaceOrientationPortrait UIInterfaceOrientationLandscapeLeft UIInterfaceOrientationLandscapeRight";
				LD_RUNPATH_SEARCH_PATHS = (
					"$(inherited)",
					"@executable_path/Frameworks",
				);
				MARKETING_VERSION = 1.0;
				PRODUCT_BUNDLE_IDENTIFIER = "-612054.PokemonApplication";
				PRODUCT_NAME = "$(TARGET_NAME)";
				SWIFT_EMIT_LOC_STRINGS = YES;
				SWIFT_VERSION = 5.0;
				TARGETED_DEVICE_FAMILY = "1,2";
			};
			name = Release;
		};
/* End XCBuildConfiguration section */

/* Begin XCConfigurationList section */
		C5B3D2612C96BD5300E12917 /* Build configuration list for PBXProject "PokemonApplication" */ = {
			isa = XCConfigurationList;
			buildConfigurations = (
				C5B3D2722C96BD5400E12917 /* Debug */,
				C5B3D2732C96BD5400E12917 /* Release */,
			);
			defaultConfigurationIsVisible = 0;
			defaultConfigurationName = Release;
		};
		C5B3D2742C96BD5400E12917 /* Build configuration list for PBXNativeTarget "PokemonApplication" */ = {
			isa = XCConfigurationList;
			buildConfigurations = (
				C5B3D2752C96BD5400E12917 /* Debug */,
				C5B3D2762C96BD5400E12917 /* Release */,
			);
			defaultConfigurationIsVisible = 0;
			defaultConfigurationName = Release;
		};
/* End XCConfigurationList section */

/* Begin XCRemoteSwiftPackageReference section */
		C5B3D2822C96C94A00E12917 /* XCRemoteSwiftPackageReference "SDWebImageSwiftUI" */ = {
			isa = XCRemoteSwiftPackageReference;
			repositoryURL = "https://github.com/SDWebImage/SDWebImageSwiftUI.git";
			requirement = {
				kind = upToNextMajorVersion;
				minimumVersion = 3.1.2;
			};
		};
/* End XCRemoteSwiftPackageReference section */

/* Begin XCSwiftPackageProductDependency section */
		C5B3D2832C96C94A00E12917 /* SDWebImageSwiftUI */ = {
			isa = XCSwiftPackageProductDependency;
			package = C5B3D2822C96C94A00E12917 /* XCRemoteSwiftPackageReference "SDWebImageSwiftUI" */;
			productName = SDWebImageSwiftUI;
		};
/* End XCSwiftPackageProductDependency section */
	};
	rootObject = C5B3D25E2C96BD5300E12917 /* Project object */;
}
